
Microsoft Visual Studio Solution File, Format Version 12.00
# Visual Studio Version 17
VisualStudioVersion = 17.9.34728.123
MinimumVisualStudioVersion = 10.0.40219.1
Project("{9A19103F-16F7-4668-BE54-9A1E7A4F7556}") = "NewsWebsiteApi", "NewsWebsiteApi\NewsWebsiteApi.csproj", "{FFE944C3-9803-4DD6-940A-ED7D8767D4BC}"
EndProject
Project("{9A19103F-16F7-4668-BE54-9A1E7A4F7556}") = "Infrastructure", "Infrastructure\Infrastructure.csproj", "{2FE92940-2449-44F8-9C1D-2F46FC5C1363}"
EndProject
Global
	GlobalSection(SolutionConfigurationPlatforms) = preSolution
		Debug|Any CPU = Debug|Any CPU
		Release|Any CPU = Release|Any CPU
	EndGlobalSection
	GlobalSection(ProjectConfigurationPlatforms) = postSolution
		{FFE944C3-9803-4DD6-940A-ED7D8767D4BC}.Debug|Any CPU.ActiveCfg = Debug|Any CPU
		{FFE944C3-9803-4DD6-940A-ED7D8767D4BC}.Debug|Any CPU.Build.0 = Debug|Any CPU
		{FFE944C3-9803-4DD6-940A-ED7D8767D4BC}.Release|Any CPU.ActiveCfg = Release|Any CPU
		{FFE944C3-9803-4DD6-940A-ED7D8767D4BC}.Release|Any CPU.Build.0 = Release|Any CPU
		{2FE92940-2449-44F8-9C1D-2F46FC5C1363}.Debug|Any CPU.ActiveCfg = Debug|Any CPU
		{2FE92940-2449-44F8-9C1D-2F46FC5C1363}.Debug|Any CPU.Build.0 = Debug|Any CPU
		{2FE92940-2449-44F8-9C1D-2F46FC5C1363}.Release|Any CPU.ActiveCfg = Release|Any CPU
		{2FE92940-2449-44F8-9C1D-2F46FC5C1363}.Release|Any CPU.Build.0 = Release|Any CPU
	EndGlobalSection
	GlobalSection(SolutionProperties) = preSolution
		HideSolutionNode = FALSE
	EndGlobalSection
	GlobalSection(ExtensibilityGlobals) = postSolution
		SolutionGuid = {68433D28-EFF2-4742-AC0E-56F3D0FB891C}
	EndGlobalSection
EndGlobal
